
Microsoft Visual Studio Solution File, Format Version 10.00
# Visual Studio 2008
Project("{FAE04EC0-301F-11D3-BF4B-00C04F79EFBC}") = "HuntingGame", "HuntingGame\HuntingGame.csproj", "{B336E149-36FF-40F4-8674-A5C12D17DFF5}"
EndProject
Project("{FAE04EC0-301F-11D3-BF4B-00C04F79EFBC}") = "TheCoolTool", "TheCoolTool\TheCoolTool.csproj", "{F16AEDAC-70BA-4A69-9B10-0BBD119B3437}"
EndProject
Global
	GlobalSection(SolutionConfigurationPlatforms) = preSolution
		Debug|Any CPU = Debug|Any CPU
		Release|Any CPU = Release|Any CPU
	EndGlobalSection
	GlobalSection(ProjectConfigurationPlatforms) = postSolution
		{B336E149-36FF-40F4-8674-A5C12D17DFF5}.Debug|Any CPU.ActiveCfg = Debug|Any CPU
		{B336E149-36FF-40F4-8674-A5C12D17DFF5}.Debug|Any CPU.Build.0 = Debug|Any CPU
		{B336E149-36FF-40F4-8674-A5C12D17DFF5}.Release|Any CPU.ActiveCfg = Release|Any CPU
		{B336E149-36FF-40F4-8674-A5C12D17DFF5}.Release|Any CPU.Build.0 = Release|Any CPU
		{F16AEDAC-70BA-4A69-9B10-0BBD119B3437}.Debug|Any CPU.ActiveCfg = Debug|Any CPU
		{F16AEDAC-70BA-4A69-9B10-0BBD119B3437}.Debug|Any CPU.Build.0 = Debug|Any CPU
		{F16AEDAC-70BA-4A69-9B10-0BBD119B3437}.Release|Any CPU.ActiveCfg = Release|Any CPU
		{F16AEDAC-70BA-4A69-9B10-0BBD119B3437}.Release|Any CPU.Build.0 = Release|Any CPU
	EndGlobalSection
	GlobalSection(SolutionProperties) = preSolution
		HideSolutionNode = FALSE
	EndGlobalSection
EndGlobal
